// !$*UTF8*$!
{
	archiveVersion = 1;
	classes = {
	};
	objectVersion = 50;
	objects = {

/* Begin PBXBuildFile section */
		9B1A14C922305E5A002D41AE /* AppDelegate.swift in Sources */ = {isa = PBXBuildFile; fileRef = 9B1A14C822305E5A002D41AE /* AppDelegate.swift */; };
		9B1A14CB22305E5A002D41AE /* ViewController.swift in Sources */ = {isa = PBXBuildFile; fileRef = 9B1A14CA22305E5A002D41AE /* ViewController.swift */; };
		9B1A14CE22305E5A002D41AE /* Main.storyboard in Resources */ = {isa = PBXBuildFile; fileRef = 9B1A14CC22305E5A002D41AE /* Main.storyboard */; };
		9B1A14D022305E5C002D41AE /* Assets.xcassets in Resources */ = {isa = PBXBuildFile; fileRef = 9B1A14CF22305E5C002D41AE /* Assets.xcassets */; };
		9B1A14D322305E5C002D41AE /* LaunchScreen.storyboard in Resources */ = {isa = PBXBuildFile; fileRef = 9B1A14D122305E5C002D41AE /* LaunchScreen.storyboard */; };
		9B1A14DB22305FAE002D41AE /* User.swift in Sources */ = {isa = PBXBuildFile; fileRef = 9B1A14DA22305FAE002D41AE /* User.swift */; };
		9B1A14DD22305FBF002D41AE /* UserController.swift in Sources */ = {isa = PBXBuildFile; fileRef = 9B1A14DC22305FBF002D41AE /* UserController.swift */; };
/* End PBXBuildFile section */

/* Begin PBXFileReference section */
		9B1A14C522305E5A002D41AE /* MVC2.app */ = {isa = PBXFileReference; explicitFileType = wrapper.application; includeInIndex = 0; path = MVC2.app; sourceTree = BUILT_PRODUCTS_DIR; };
		9B1A14C822305E5A002D41AE /* AppDelegate.swift */ = {isa = PBXFileReference; lastKnownFileType = sourcecode.swift; path = AppDelegate.swift; sourceTree = "<group>"; };
		9B1A14CA22305E5A002D41AE /* ViewController.swift */ = {isa = PBXFileReference; lastKnownFileType = sourcecode.swift; path = ViewController.swift; sourceTree = "<group>"; };
		9B1A14CD22305E5A002D41AE /* Base */ = {isa = PBXFileReference; lastKnownFileType = file.storyboard; name = Base; path = Base.lproj/Main.storyboard; sourceTree = "<group>"; };
		9B1A14CF22305E5C002D41AE /* Assets.xcassets */ = {isa = PBXFileReference; lastKnownFileType = folder.assetcatalog; path = Assets.xcassets; sourceTree = "<group>"; };
		9B1A14D222305E5C002D41AE /* Base */ = {isa = PBXFileReference; lastKnownFileType = file.storyboard; name = Base; path = Base.lproj/LaunchScreen.storyboard; sourceTree = "<group>"; };
		9B1A14D422305E5C002D41AE /* Info.plist */ = {isa = PBXFileReference; lastKnownFileType = text.plist.xml; path = Info.plist; sourceTree = "<group>"; };
		9B1A14DA22305FAE002D41AE /* User.swift */ = {isa = PBXFileReference; lastKnownFileType = sourcecode.swift; path = User.swift; sourceTree = "<group>"; };
		9B1A14DC22305FBF002D41AE /* UserController.swift */ = {isa = PBXFileReference; lastKnownFileType = sourcecode.swift; path = UserController.swift; sourceTree = "<group>"; };
/* End PBXFileReference section */

/* Begin PBXFrameworksBuildPhase section */
		9B1A14C222305E5A002D41AE /* Frameworks */ = {
			isa = PBXFrameworksBuildPhase;
			buildActionMask = 2147483647;
			files = (
			);
			runOnlyForDeploymentPostprocessing = 0;
		};
/* End PBXFrameworksBuildPhase section */

/* Begin PBXGroup section */
		9B1A14BC22305E5A002D41AE = {
			isa = PBXGroup;
			children = (
				9B1A14C722305E5A002D41AE /* MVC2 */,
				9B1A14C622305E5A002D41AE /* Products */,
			);
			sourceTree = "<group>";
		};
		9B1A14C622305E5A002D41AE /* Products */ = {
			isa = PBXGroup;
			children = (
				9B1A14C522305E5A002D41AE /* MVC2.app */,
			);
			name = Products;
			sourceTree = "<group>";
		};
		9B1A14C722305E5A002D41AE /* MVC2 */ = {
			isa = PBXGroup;
			children = (
				9B1A14DA22305FAE002D41AE /* User.swift */,
				9B1A14DC22305FBF002D41AE /* UserController.swift */,
				9B1A14C822305E5A002D41AE /* AppDelegate.swift */,
				9B1A14CA22305E5A002D41AE /* ViewController.swift */,
				9B1A14CC22305E5A002D41AE /* Main.storyboard */,
				9B1A14CF22305E5C002D41AE /* Assets.xcassets */,
				9B1A14D122305E5C002D41AE /* LaunchScreen.storyboard */,
				9B1A14D422305E5C002D41AE /* Info.plist */,
			);
			path = MVC2;
			sourceTree = "<group>";
		};
/* End PBXGroup section */

/* Begin PBXNativeTarget section */
		9B1A14C422305E5A002D41AE /* MVC2 */ = {
			isa = PBXNativeTarget;
			buildConfigurationList = 9B1A14D722305E5C002D41AE /* Build configuration list for PBXNativeTarget "MVC2" */;
			buildPhases = (
				9B1A14C122305E5A002D41AE /* Sources */,
				9B1A14C222305E5A002D41AE /* Frameworks */,
				9B1A14C322305E5A002D41AE /* Resources */,
			);
			buildRules = (
			);
			dependencies = (
			);
			name = MVC2;
			productName = MVC2;
			productReference = 9B1A14C522305E5A002D41AE /* MVC2.app */;
			productType = "com.apple.product-type.application";
		};
/* End PBXNativeTarget section */

/* Begin PBXProject section */
		9B1A14BD22305E5A002D41AE /* Project object */ = {
			isa = PBXProject;
			attributes = {
				LastSwiftUpdateCheck = 1010;
				LastUpgradeCheck = 1010;
				ORGANIZATIONNAME = "Lee Formento";
				TargetAttributes = {
					9B1A14C422305E5A002D41AE = {
						CreatedOnToolsVersion = 10.1;
					};
				};
			};
			buildConfigurationList = 9B1A14C022305E5A002D41AE /* Build configuration list for PBXProject "MVC2" */;
			compatibilityVersion = "Xcode 9.3";
			developmentRegion = en;
			hasScannedForEncodings = 0;
			knownRegions = (
				en,
				Base,
			);
			mainGroup = 9B1A14BC22305E5A002D41AE;
			productRefGroup = 9B1A14C622305E5A002D41AE /* Products */;
			projectDirPath = "";
			projectRoot = "";
			targets = (
				9B1A14C422305E5A002D41AE /* MVC2 */,
			);
		};
/* End PBXProject section */

/* Begin PBXResourcesBuildPhase section */
		9B1A14C322305E5A002D41AE /* Resources */ = {
			isa = PBXResourcesBuildPhase;
			buildActionMask = 2147483647;
			files = (
				9B1A14D322305E5C002D41AE /* LaunchScreen.storyboard in Resources */,
				9B1A14D022305E5C002D41AE /* Assets.xcassets in Resources */,
				9B1A14CE22305E5A002D41AE /* Main.storyboard in Resources */,
			);
			runOnlyForDeploymentPostprocessing = 0;
		};
/* End PBXResourcesBuildPhase section */

/* Begin PBXSourcesBuildPhase section */
		9B1A14C122305E5A002D41AE /* Sources */ = {
			isa = PBXSourcesBuildPhase;
			buildActionMask = 2147483647;
			files = (
				9B1A14CB22305E5A002D41AE /* ViewController.swift in Sources */,
				9B1A14C922305E5A002D41AE /* AppDelegate.swift in Sources */,
				9B1A14DD22305FBF002D41AE /* UserController.swift in Sources */,
				9B1A14DB22305FAE002D41AE /* User.swift in Sources */,
			);
			runOnlyForDeploymentPostprocessing = 0;
		};
/* End PBXSourcesBuildPhase section */

/* Begin PBXVariantGroup section */
		9B1A14CC22305E5A002D41AE /* Main.storyboard */ = {
			isa = PBXVariantGroup;
			children = (
				9B1A14CD22305E5A002D41AE /* Base */,
			);
			name = Main.storyboard;
			sourceTree = "<group>";
		};
		9B1A14D122305E5C002D41AE /* LaunchScreen.storyboard */ = {
			isa = PBXVariantGroup;
			children = (
				9B1A14D222305E5C002D41AE /* Base */,
			);
			name = LaunchScreen.storyboard;
			sourceTree = "<group>";
		};
/* End PBXVariantGroup section */

/* Begin XCBuildConfiguration section */
		9B1A14D522305E5C002D41AE /* Debug */ = {
			isa = XCBuildConfiguration;
			buildSettings = {
				ALWAYS_SEARCH_USER_PATHS = NO;
				CLANG_ANALYZER_NONNULL = YES;
				CLANG_ANALYZER_NUMBER_OBJECT_CONVERSION = YES_AGGRESSIVE;
				CLANG_CXX_LANGUAGE_STANDARD = "gnu++14";
				CLANG_CXX_LIBRARY = "libc++";
				CLANG_ENABLE_MODULES = YES;
				CLANG_ENABLE_OBJC_ARC = YES;
				CLANG_ENABLE_OBJC_WEAK = YES;
				CLANG_WARN_BLOCK_CAPTURE_AUTORELEASING = YES;
				CLANG_WARN_BOOL_CONVERSION = YES;
				CLANG_WARN_COMMA = YES;
				CLANG_WARN_CONSTANT_CONVERSION = YES;
				CLANG_WARN_DEPRECATED_OBJC_IMPLEMENTATIONS = YES;
				CLANG_WARN_DIRECT_OBJC_ISA_USAGE = YES_ERROR;
				CLANG_WARN_DOCUMENTATION_COMMENTS = YES;
				CLANG_WARN_EMPTY_BODY = YES;
				CLANG_WARN_ENUM_CONVERSION = YES;
				CLANG_WARN_INFINITE_RECURSION = YES;
				CLANG_WARN_INT_CONVERSION = YES;
				CLANG_WARN_NON_LITERAL_NULL_CONVERSION = YES;
				CLANG_WARN_OBJC_IMPLICIT_RETAIN_SELF = YES;
				CLANG_WARN_OBJC_LITERAL_CONVERSION = YES;
				CLANG_WARN_OBJC_ROOT_CLASS = YES_ERROR;
				CLANG_WARN_RANGE_LOOP_ANALYSIS = YES;
				CLANG_WARN_STRICT_PROTOTYPES = YES;
				CLANG_WARN_SUSPICIOUS_MOVE = YES;
				CLANG_WARN_UNGUARDED_AVAILABILITY = YES_AGGRESSIVE;
				CLANG_WARN_UNREACHABLE_CODE = YES;
				CLANG_WARN__DUPLICATE_METHOD_MATCH = YES;
				CODE_SIGN_IDENTITY = "iPhone Developer";
				COPY_PHASE_STRIP = NO;
				DEBUG_INFORMATION_FORMAT = dwarf;
				ENABLE_STRICT_OBJC_MSGSEND = YES;
				ENABLE_TESTABILITY = YES;
				GCC_C_LANGUAGE_STANDARD = gnu11;
				GCC_DYNAMIC_NO_PIC = NO;
				GCC_NO_COMMON_BLOCKS = YES;
				GCC_OPTIMIZATION_LEVEL = 0;
				GCC_PREPROCESSOR_DEFINITIONS = (
					"DEBUG=1",
					"$(inherited)",
				);
				GCC_WARN_64_TO_32_BIT_CONVERSION = YES;
				GCC_WARN_ABOUT_RETURN_TYPE = YES_ERROR;
				GCC_WARN_UNDECLARED_SELECTOR = YES;
				GCC_WARN_UNINITIALIZED_AUTOS = YES_AGGRESSIVE;
				GCC_WARN_UNUSED_FUNCTION = YES;
				GCC_WARN_UNUSED_VARIABLE = YES;
				IPHONEOS_DEPLOYMENT_TARGET = 12.1;
				MTL_ENABLE_DEBUG_INFO = INCLUDE_SOURCE;
				MTL_FAST_MATH = YES;
				ONLY_ACTIVE_ARCH = YES;
				SDKROOT = iphoneos;
				SWIFT_ACTIVE_COMPILATION_CONDITIONS = DEBUG;
				SWIFT_OPTIMIZATION_LEVEL = "-Onone";
			};
			name = Debug;
		};
		9B1A14D622305E5C002D41AE /* Release */ = {
			isa = XCBuildConfiguration;
			buildSettings = {
				ALWAYS_SEARCH_USER_PATHS = NO;
				CLANG_ANALYZER_NONNULL = YES;
				CLANG_ANALYZER_NUMBER_OBJECT_CONVERSION = YES_AGGRESSIVE;
				CLANG_CXX_LANGUAGE_STANDARD = "gnu++14";
				CLANG_CXX_LIBRARY = "libc++";
				CLANG_ENABLE_MODULES = YES;
				CLANG_ENABLE_OBJC_ARC = YES;
				CLANG_ENABLE_OBJC_WEAK = YES;
				CLANG_WARN_BLOCK_CAPTURE_AUTORELEASING = YES;
				CLANG_WARN_BOOL_CONVERSION = YES;
				CLANG_WARN_COMMA = YES;
				CLANG_WARN_CONSTANT_CONVERSION = YES;
				CLANG_WARN_DEPRECATED_OBJC_IMPLEMENTATIONS = YES;
				CLANG_WARN_DIRECT_OBJC_ISA_USAGE = YES_ERROR;
				CLANG_WARN_DOCUMENTATION_COMMENTS = YES;
				CLANG_WARN_EMPTY_BODY = YES;
				CLANG_WARN_ENUM_CONVERSION = YES;
				CLANG_WARN_INFINITE_RECURSION = YES;
				CLANG_WARN_INT_CONVERSION = YES;
				CLANG_WARN_NON_LITERAL_NULL_CONVERSION = YES;
				CLANG_WARN_OBJC_IMPLICIT_RETAIN_SELF = YES;
				CLANG_WARN_OBJC_LITERAL_CONVERSION = YES;
				CLANG_WARN_OBJC_ROOT_CLASS = YES_ERROR;
				CLANG_WARN_RANGE_LOOP_ANALYSIS = YES;
				CLANG_WARN_STRICT_PROTOTYPES = YES;
				CLANG_WARN_SUSPICIOUS_MOVE = YES;
				CLANG_WARN_UNGUARDED_AVAILABILITY = YES_AGGRESSIVE;
				CLANG_WARN_UNREACHABLE_CODE = YES;
				CLANG_WARN__DUPLICATE_METHOD_MATCH = YES;
				CODE_SIGN_IDENTITY = "iPhone Developer";
				COPY_PHASE_STRIP = NO;
				DEBUG_INFORMATION_FORMAT = "dwarf-with-dsym";
				ENABLE_NS_ASSERTIONS = NO;
				ENABLE_STRICT_OBJC_MSGSEND = YES;
				GCC_C_LANGUAGE_STANDARD = gnu11;
				GCC_NO_COMMON_BLOCKS = YES;
				GCC_WARN_64_TO_32_BIT_CONVERSION = YES;
				GCC_WARN_ABOUT_RETURN_TYPE = YES_ERROR;
				GCC_WARN_UNDECLARED_SELECTOR = YES;
				GCC_WARN_UNINITIALIZED_AUTOS = YES_AGGRESSIVE;
				GCC_WARN_UNUSED_FUNCTION = YES;
				GCC_WARN_UNUSED_VARIABLE = YES;
				IPHONEOS_DEPLOYMENT_TARGET = 12.1;
				MTL_ENABLE_DEBUG_INFO = NO;
				MTL_FAST_MATH = YES;
				SDKROOT = iphoneos;
				SWIFT_COMPILATION_MODE = wholemodule;
				SWIFT_OPTIMIZATION_LEVEL = "-O";
				VALIDATE_PRODUCT = YES;
			};
			name = Release;
		};
		9B1A14D822305E5C002D41AE /* Debug */ = {
			isa = XCBuildConfiguration;
			buildSettings = {
				ASSETCATALOG_COMPILER_APPICON_NAME = AppIcon;
				CODE_SIGN_STYLE = Automatic;
				DEVELOPMENT_TEAM = VG4FH43QKX;
				INFOPLIST_FILE = MVC2/Info.plist;
				LD_RUNPATH_SEARCH_PATHS = (
					"$(inherited)",
					"@executable_path/Frameworks",
				);
				PRODUCT_BUNDLE_IDENTIFIER = com.likha.MVC2;
				PRODUCT_NAME = "$(TARGET_NAME)";
				SWIFT_VERSION = 4.2;
				TARGETED_DEVICE_FAMILY = "1,2";
			};
			name = Debug;
		};
		9B1A14D922305E5C002D41AE /* Release */ = {
			isa = XCBuildConfiguration;
			buildSettings = {
				ASSETCATALOG_COMPILER_APPICON_NAME = AppIcon;
				CODE_SIGN_STYLE = Automatic;
				DEVELOPMENT_TEAM = VG4FH43QKX;
				INFOPLIST_FILE = MVC2/Info.plist;
				LD_RUNPATH_SEARCH_PATHS = (
					"$(inherited)",
					"@executable_path/Frameworks",
				);
				PRODUCT_BUNDLE_IDENTIFIER = com.likha.MVC2;
				PRODUCT_NAME = "$(TARGET_NAME)";
				SWIFT_VERSION = 4.2;
				TARGETED_DEVICE_FAMILY = "1,2";
			};
			name = Release;
		};
/* End XCBuildConfiguration section */

/* Begin XCConfigurationList section */
		9B1A14C022305E5A002D41AE /* Build configuration list for PBXProject "MVC2" */ = {
			isa = XCConfigurationList;
			buildConfigurations = (
				9B1A14D522305E5C002D41AE /* Debug */,
				9B1A14D622305E5C002D41AE /* Release */,
			);
			defaultConfigurationIsVisible = 0;
			defaultConfigurationName = Release;
		};
		9B1A14D722305E5C002D41AE /* Build configuration list for PBXNativeTarget "MVC2" */ = {
			isa = XCConfigurationList;
			buildConfigurations = (
				9B1A14D822305E5C002D41AE /* Debug */,
				9B1A14D922305E5C002D41AE /* Release */,
			);
			defaultConfigurationIsVisible = 0;
			defaultConfigurationName = Release;
		};
/* End XCConfigurationList section */
	};
	rootObject = 9B1A14BD22305E5A002D41AE /* Project object */;
}
